
Microsoft Visual Studio Solution File, Format Version 12.00
# Visual Studio Version 17
VisualStudioVersion = 17.4.33213.308
MinimumVisualStudioVersion = 10.0.40219.1
Project("{FAE04EC0-301F-11D3-BF4B-00C04F79EFBC}") = "03-ControlStructures", "03-ControlStructures\03-ControlStructures.csproj", "{C1CB400A-F339-4653-B4D1-CCA42EED5A22}"
EndProject
Global
	GlobalSection(SolutionConfigurationPlatforms) = preSolution
		Debug|Any CPU = Debug|Any CPU
		Release|Any CPU = Release|Any CPU
	EndGlobalSection
	GlobalSection(ProjectConfigurationPlatforms) = postSolution
		{C1CB400A-F339-4653-B4D1-CCA42EED5A22}.Debug|Any CPU.ActiveCfg = Debug|Any CPU
		{C1CB400A-F339-4653-B4D1-CCA42EED5A22}.Debug|Any CPU.Build.0 = Debug|Any CPU
		{C1CB400A-F339-4653-B4D1-CCA42EED5A22}.Release|Any CPU.ActiveCfg = Release|Any CPU
		{C1CB400A-F339-4653-B4D1-CCA42EED5A22}.Release|Any CPU.Build.0 = Release|Any CPU
	EndGlobalSection
	GlobalSection(SolutionProperties) = preSolution
		HideSolutionNode = FALSE
	EndGlobalSection
	GlobalSection(ExtensibilityGlobals) = postSolution
		SolutionGuid = {3875C644-12EE-4476-A2A7-36B52E6683CB}
	EndGlobalSection
EndGlobal
