
Microsoft Visual Studio Solution File, Format Version 12.00
# Visual Studio Version 17
VisualStudioVersion = 17.4.33213.308
MinimumVisualStudioVersion = 10.0.40219.1
Project("{FAE04EC0-301F-11D3-BF4B-00C04F79EFBC}") = "18-Javascript-Razor-Pages", "18-Javascript-Razor-Pages\18-Javascript-Razor-Pages.csproj", "{3971EA58-B6D4-4F31-8E01-AD4AFBA41348}"
EndProject
Global
	GlobalSection(SolutionConfigurationPlatforms) = preSolution
		Debug|Any CPU = Debug|Any CPU
		Release|Any CPU = Release|Any CPU
	EndGlobalSection
	GlobalSection(ProjectConfigurationPlatforms) = postSolution
		{3971EA58-B6D4-4F31-8E01-AD4AFBA41348}.Debug|Any CPU.ActiveCfg = Debug|Any CPU
		{3971EA58-B6D4-4F31-8E01-AD4AFBA41348}.Debug|Any CPU.Build.0 = Debug|Any CPU
		{3971EA58-B6D4-4F31-8E01-AD4AFBA41348}.Release|Any CPU.ActiveCfg = Release|Any CPU
		{3971EA58-B6D4-4F31-8E01-AD4AFBA41348}.Release|Any CPU.Build.0 = Release|Any CPU
	EndGlobalSection
	GlobalSection(SolutionProperties) = preSolution
		HideSolutionNode = FALSE
	EndGlobalSection
	GlobalSection(ExtensibilityGlobals) = postSolution
		SolutionGuid = {0712D7C7-6EA7-4646-B77D-EFD7993E2B89}
	EndGlobalSection
EndGlobal
