
Microsoft Visual Studio Solution File, Format Version 12.00
# Visual Studio Version 17
VisualStudioVersion = 17.4.33213.308
MinimumVisualStudioVersion = 10.0.40219.1
Project("{FAE04EC0-301F-11D3-BF4B-00C04F79EFBC}") = "08-Abstraction-POO", "08-Abstraction-POO\08-Abstraction-POO.csproj", "{EF29F31A-0A16-4CBB-B03B-7B6AE854566A}"
EndProject
Global
	GlobalSection(SolutionConfigurationPlatforms) = preSolution
		Debug|Any CPU = Debug|Any CPU
		Release|Any CPU = Release|Any CPU
	EndGlobalSection
	GlobalSection(ProjectConfigurationPlatforms) = postSolution
		{EF29F31A-0A16-4CBB-B03B-7B6AE854566A}.Debug|Any CPU.ActiveCfg = Debug|Any CPU
		{EF29F31A-0A16-4CBB-B03B-7B6AE854566A}.Debug|Any CPU.Build.0 = Debug|Any CPU
		{EF29F31A-0A16-4CBB-B03B-7B6AE854566A}.Release|Any CPU.ActiveCfg = Release|Any CPU
		{EF29F31A-0A16-4CBB-B03B-7B6AE854566A}.Release|Any CPU.Build.0 = Release|Any CPU
	EndGlobalSection
	GlobalSection(SolutionProperties) = preSolution
		HideSolutionNode = FALSE
	EndGlobalSection
	GlobalSection(ExtensibilityGlobals) = postSolution
		SolutionGuid = {3C8E6DE3-55C1-462D-9FDE-D0D1EE5B9B67}
	EndGlobalSection
EndGlobal
