
Microsoft Visual Studio Solution File, Format Version 12.00
# Visual Studio Version 17
VisualStudioVersion = 17.4.33213.308
MinimumVisualStudioVersion = 10.0.40219.1
Project("{FAE04EC0-301F-11D3-BF4B-00C04F79EFBC}") = "14-TagHelpers-Razor-Pages", "14-TagHelpers-Razor-Pages\14-TagHelpers-Razor-Pages.csproj", "{C26E9131-9901-4714-85E9-D0480B574AC2}"
EndProject
Global
	GlobalSection(SolutionConfigurationPlatforms) = preSolution
		Debug|Any CPU = Debug|Any CPU
		Release|Any CPU = Release|Any CPU
	EndGlobalSection
	GlobalSection(ProjectConfigurationPlatforms) = postSolution
		{C26E9131-9901-4714-85E9-D0480B574AC2}.Debug|Any CPU.ActiveCfg = Debug|Any CPU
		{C26E9131-9901-4714-85E9-D0480B574AC2}.Debug|Any CPU.Build.0 = Debug|Any CPU
		{C26E9131-9901-4714-85E9-D0480B574AC2}.Release|Any CPU.ActiveCfg = Release|Any CPU
		{C26E9131-9901-4714-85E9-D0480B574AC2}.Release|Any CPU.Build.0 = Release|Any CPU
	EndGlobalSection
	GlobalSection(SolutionProperties) = preSolution
		HideSolutionNode = FALSE
	EndGlobalSection
	GlobalSection(ExtensibilityGlobals) = postSolution
		SolutionGuid = {4B7B8EE2-D918-46CB-9421-02FB4F7F08C8}
	EndGlobalSection
EndGlobal
