
Microsoft Visual Studio Solution File, Format Version 12.00
# Visual Studio Version 17
VisualStudioVersion = 17.4.33213.308
MinimumVisualStudioVersion = 10.0.40219.1
Project("{FAE04EC0-301F-11D3-BF4B-00C04F79EFBC}") = "19-jQuery-Razor-Pages", "19-jQuery-Razor-Pages\19-jQuery-Razor-Pages.csproj", "{ACDAFF3C-D6DF-4CE8-B648-F92173FE74C8}"
EndProject
Global
	GlobalSection(SolutionConfigurationPlatforms) = preSolution
		Debug|Any CPU = Debug|Any CPU
		Release|Any CPU = Release|Any CPU
	EndGlobalSection
	GlobalSection(ProjectConfigurationPlatforms) = postSolution
		{ACDAFF3C-D6DF-4CE8-B648-F92173FE74C8}.Debug|Any CPU.ActiveCfg = Debug|Any CPU
		{ACDAFF3C-D6DF-4CE8-B648-F92173FE74C8}.Debug|Any CPU.Build.0 = Debug|Any CPU
		{ACDAFF3C-D6DF-4CE8-B648-F92173FE74C8}.Release|Any CPU.ActiveCfg = Release|Any CPU
		{ACDAFF3C-D6DF-4CE8-B648-F92173FE74C8}.Release|Any CPU.Build.0 = Release|Any CPU
	EndGlobalSection
	GlobalSection(SolutionProperties) = preSolution
		HideSolutionNode = FALSE
	EndGlobalSection
	GlobalSection(ExtensibilityGlobals) = postSolution
		SolutionGuid = {C5FA2C49-5D25-489E-9C98-210F95ADA117}
	EndGlobalSection
EndGlobal
