
Microsoft Visual Studio Solution File, Format Version 12.00
# Visual Studio Version 17
VisualStudioVersion = 17.4.33213.308
MinimumVisualStudioVersion = 10.0.40219.1
Project("{FAE04EC0-301F-11D3-BF4B-00C04F79EFBC}") = "10-Example-Razor-Pages", "10-Example-Razor-Pages\10-Example-Razor-Pages.csproj", "{FFEA4AC5-4D19-4412-A9DC-615882402A93}"
EndProject
Global
	GlobalSection(SolutionConfigurationPlatforms) = preSolution
		Debug|Any CPU = Debug|Any CPU
		Release|Any CPU = Release|Any CPU
	EndGlobalSection
	GlobalSection(ProjectConfigurationPlatforms) = postSolution
		{FFEA4AC5-4D19-4412-A9DC-615882402A93}.Debug|Any CPU.ActiveCfg = Debug|Any CPU
		{FFEA4AC5-4D19-4412-A9DC-615882402A93}.Debug|Any CPU.Build.0 = Debug|Any CPU
		{FFEA4AC5-4D19-4412-A9DC-615882402A93}.Release|Any CPU.ActiveCfg = Release|Any CPU
		{FFEA4AC5-4D19-4412-A9DC-615882402A93}.Release|Any CPU.Build.0 = Release|Any CPU
	EndGlobalSection
	GlobalSection(SolutionProperties) = preSolution
		HideSolutionNode = FALSE
	EndGlobalSection
	GlobalSection(ExtensibilityGlobals) = postSolution
		SolutionGuid = {36A73881-FE5A-40C0-8CC0-C2E460F23660}
	EndGlobalSection
EndGlobal
