
Microsoft Visual Studio Solution File, Format Version 12.00
# Visual Studio Version 17
VisualStudioVersion = 17.4.33213.308
MinimumVisualStudioVersion = 10.0.40219.1
Project("{FAE04EC0-301F-11D3-BF4B-00C04F79EFBC}") = "21-Calculator-Razor-Pages", "21-Calculator-Razor-Pages\21-Calculator-Razor-Pages.csproj", "{78D3DD4C-CEF8-4B9A-B17F-80EFF7AA01AA}"
EndProject
Global
	GlobalSection(SolutionConfigurationPlatforms) = preSolution
		Debug|Any CPU = Debug|Any CPU
		Release|Any CPU = Release|Any CPU
	EndGlobalSection
	GlobalSection(ProjectConfigurationPlatforms) = postSolution
		{78D3DD4C-CEF8-4B9A-B17F-80EFF7AA01AA}.Debug|Any CPU.ActiveCfg = Debug|Any CPU
		{78D3DD4C-CEF8-4B9A-B17F-80EFF7AA01AA}.Debug|Any CPU.Build.0 = Debug|Any CPU
		{78D3DD4C-CEF8-4B9A-B17F-80EFF7AA01AA}.Release|Any CPU.ActiveCfg = Release|Any CPU
		{78D3DD4C-CEF8-4B9A-B17F-80EFF7AA01AA}.Release|Any CPU.Build.0 = Release|Any CPU
	EndGlobalSection
	GlobalSection(SolutionProperties) = preSolution
		HideSolutionNode = FALSE
	EndGlobalSection
	GlobalSection(ExtensibilityGlobals) = postSolution
		SolutionGuid = {30B6F3F4-ABEA-4E68-88A4-A10F4B433B43}
	EndGlobalSection
EndGlobal
