
Microsoft Visual Studio Solution File, Format Version 12.00
# Visual Studio Version 17
VisualStudioVersion = 17.4.33213.308
MinimumVisualStudioVersion = 10.0.40219.1
Project("{FAE04EC0-301F-11D3-BF4B-00C04F79EFBC}") = "15-ProcessPost-Razor-Pages", "15-ProcessPost-Razor-Pages\15-ProcessPost-Razor-Pages.csproj", "{22DA57B7-A473-4802-886B-4D291E73AB78}"
EndProject
Global
	GlobalSection(SolutionConfigurationPlatforms) = preSolution
		Debug|Any CPU = Debug|Any CPU
		Release|Any CPU = Release|Any CPU
	EndGlobalSection
	GlobalSection(ProjectConfigurationPlatforms) = postSolution
		{22DA57B7-A473-4802-886B-4D291E73AB78}.Debug|Any CPU.ActiveCfg = Debug|Any CPU
		{22DA57B7-A473-4802-886B-4D291E73AB78}.Debug|Any CPU.Build.0 = Debug|Any CPU
		{22DA57B7-A473-4802-886B-4D291E73AB78}.Release|Any CPU.ActiveCfg = Release|Any CPU
		{22DA57B7-A473-4802-886B-4D291E73AB78}.Release|Any CPU.Build.0 = Release|Any CPU
	EndGlobalSection
	GlobalSection(SolutionProperties) = preSolution
		HideSolutionNode = FALSE
	EndGlobalSection
	GlobalSection(ExtensibilityGlobals) = postSolution
		SolutionGuid = {E64F7066-6E6C-4EE4-8908-42EE0E33D403}
	EndGlobalSection
EndGlobal
