
Microsoft Visual Studio Solution File, Format Version 12.00
# Visual Studio Version 17
VisualStudioVersion = 17.4.33213.308
MinimumVisualStudioVersion = 10.0.40219.1
Project("{FAE04EC0-301F-11D3-BF4B-00C04F79EFBC}") = "11-RazoSyntax", "11-RazoSyntax\11-RazoSyntax.csproj", "{624AC3E8-545A-44D9-AE31-BA35169B504F}"
EndProject
Global
	GlobalSection(SolutionConfigurationPlatforms) = preSolution
		Debug|Any CPU = Debug|Any CPU
		Release|Any CPU = Release|Any CPU
	EndGlobalSection
	GlobalSection(ProjectConfigurationPlatforms) = postSolution
		{624AC3E8-545A-44D9-AE31-BA35169B504F}.Debug|Any CPU.ActiveCfg = Debug|Any CPU
		{624AC3E8-545A-44D9-AE31-BA35169B504F}.Debug|Any CPU.Build.0 = Debug|Any CPU
		{624AC3E8-545A-44D9-AE31-BA35169B504F}.Release|Any CPU.ActiveCfg = Release|Any CPU
		{624AC3E8-545A-44D9-AE31-BA35169B504F}.Release|Any CPU.Build.0 = Release|Any CPU
	EndGlobalSection
	GlobalSection(SolutionProperties) = preSolution
		HideSolutionNode = FALSE
	EndGlobalSection
	GlobalSection(ExtensibilityGlobals) = postSolution
		SolutionGuid = {6F4F02B0-7319-49BA-9F87-05BF51651644}
	EndGlobalSection
EndGlobal
